
Microsoft Visual Studio Solution File, Format Version 12.00
# Visual Studio Version 16
VisualStudioVersion = 16.0.31613.86
MinimumVisualStudioVersion = 10.0.40219.1
Project("{FAE04EC0-301F-11D3-BF4B-00C04F79EFBC}") = "mvcproject", "mvcproject\mvcproject.csproj", "{889BC353-BB9A-4458-92F8-37697DC0A36D}"
EndProject
Global
	GlobalSection(SolutionConfigurationPlatforms) = preSolution
		Debug|Any CPU = Debug|Any CPU
		Release|Any CPU = Release|Any CPU
	EndGlobalSection
	GlobalSection(ProjectConfigurationPlatforms) = postSolution
		{889BC353-BB9A-4458-92F8-37697DC0A36D}.Debug|Any CPU.ActiveCfg = Debug|Any CPU
		{889BC353-BB9A-4458-92F8-37697DC0A36D}.Debug|Any CPU.Build.0 = Debug|Any CPU
		{889BC353-BB9A-4458-92F8-37697DC0A36D}.Release|Any CPU.ActiveCfg = Release|Any CPU
		{889BC353-BB9A-4458-92F8-37697DC0A36D}.Release|Any CPU.Build.0 = Release|Any CPU
	EndGlobalSection
	GlobalSection(SolutionProperties) = preSolution
		HideSolutionNode = FALSE
	EndGlobalSection
	GlobalSection(ExtensibilityGlobals) = postSolution
		SolutionGuid = {E80461B8-0900-4C0B-9903-A2476519FF96}
	EndGlobalSection
EndGlobal
